// !$*UTF8*$!
{
	archiveVersion = 1;
	classes = {
	};
	objectVersion = 50;
	objects = {

/* Begin PBXBuildFile section */
		225E157720C67A5700ADE169 /* AppDelegate.swift in Sources */ = {isa = PBXBuildFile; fileRef = 225E157620C67A5700ADE169 /* AppDelegate.swift */; };
		225E157920C67A5700ADE169 /* PDFViewController.swift in Sources */ = {isa = PBXBuildFile; fileRef = 225E157820C67A5700ADE169 /* PDFViewController.swift */; };
		225E157C20C67A5700ADE169 /* Main.storyboard in Resources */ = {isa = PBXBuildFile; fileRef = 225E157A20C67A5700ADE169 /* Main.storyboard */; };
		225E157F20C67A5700ADE169 /* pdfExpt.xcdatamodeld in Sources */ = {isa = PBXBuildFile; fileRef = 225E157D20C67A5700ADE169 /* pdfExpt.xcdatamodeld */; };
		225E158120C67A5800ADE169 /* Assets.xcassets in Resources */ = {isa = PBXBuildFile; fileRef = 225E158020C67A5800ADE169 /* Assets.xcassets */; };
		225E158420C67A5800ADE169 /* LaunchScreen.storyboard in Resources */ = {isa = PBXBuildFile; fileRef = 225E158220C67A5800ADE169 /* LaunchScreen.storyboard */; };
		225E158F20C67A5800ADE169 /* pdfExptTests.swift in Sources */ = {isa = PBXBuildFile; fileRef = 225E158E20C67A5800ADE169 /* pdfExptTests.swift */; };
		225E159A20C67A5800ADE169 /* pdfExptUITests.swift in Sources */ = {isa = PBXBuildFile; fileRef = 225E159920C67A5800ADE169 /* pdfExptUITests.swift */; };
		22712FAB20C6BFAE00B58CF7 /* DocumentBrowserViewController.swift in Sources */ = {isa = PBXBuildFile; fileRef = 22712FAA20C6BFAE00B58CF7 /* DocumentBrowserViewController.swift */; };
		22712FAF20C6BFBF00B58CF7 /* Document.swift in Sources */ = {isa = PBXBuildFile; fileRef = 22712FAE20C6BFBF00B58CF7 /* Document.swift */; };
/* End PBXBuildFile section */

/* Begin PBXContainerItemProxy section */
		225E158B20C67A5800ADE169 /* PBXContainerItemProxy */ = {
			isa = PBXContainerItemProxy;
			containerPortal = 225E156B20C67A5700ADE169 /* Project object */;
			proxyType = 1;
			remoteGlobalIDString = 225E157220C67A5700ADE169;
			remoteInfo = pdfExpt;
		};
		225E159620C67A5800ADE169 /* PBXContainerItemProxy */ = {
			isa = PBXContainerItemProxy;
			containerPortal = 225E156B20C67A5700ADE169 /* Project object */;
			proxyType = 1;
			remoteGlobalIDString = 225E157220C67A5700ADE169;
			remoteInfo = pdfExpt;
		};
/* End PBXContainerItemProxy section */

/* Begin PBXFileReference section */
		225E157320C67A5700ADE169 /* pdfExpt.app */ = {isa = PBXFileReference; explicitFileType = wrapper.application; includeInIndex = 0; path = pdfExpt.app; sourceTree = BUILT_PRODUCTS_DIR; };
		225E157620C67A5700ADE169 /* AppDelegate.swift */ = {isa = PBXFileReference; lastKnownFileType = sourcecode.swift; path = AppDelegate.swift; sourceTree = "<group>"; };
		225E157820C67A5700ADE169 /* PDFViewController.swift */ = {isa = PBXFileReference; lastKnownFileType = sourcecode.swift; path = PDFViewController.swift; sourceTree = "<group>"; };
		225E157B20C67A5700ADE169 /* Base */ = {isa = PBXFileReference; lastKnownFileType = file.storyboard; name = Base; path = Base.lproj/Main.storyboard; sourceTree = "<group>"; };
		225E157E20C67A5700ADE169 /* pdfExpt.xcdatamodel */ = {isa = PBXFileReference; lastKnownFileType = wrapper.xcdatamodel; path = pdfExpt.xcdatamodel; sourceTree = "<group>"; };
		225E158020C67A5800ADE169 /* Assets.xcassets */ = {isa = PBXFileReference; lastKnownFileType = folder.assetcatalog; path = Assets.xcassets; sourceTree = "<group>"; };
		225E158320C67A5800ADE169 /* Base */ = {isa = PBXFileReference; lastKnownFileType = file.storyboard; name = Base; path = Base.lproj/LaunchScreen.storyboard; sourceTree = "<group>"; };
		225E158520C67A5800ADE169 /* Info.plist */ = {isa = PBXFileReference; lastKnownFileType = text.plist.xml; path = Info.plist; sourceTree = "<group>"; };
		225E158A20C67A5800ADE169 /* pdfExptTests.xctest */ = {isa = PBXFileReference; explicitFileType = wrapper.cfbundle; includeInIndex = 0; path = pdfExptTests.xctest; sourceTree = BUILT_PRODUCTS_DIR; };
		225E158E20C67A5800ADE169 /* pdfExptTests.swift */ = {isa = PBXFileReference; lastKnownFileType = sourcecode.swift; path = pdfExptTests.swift; sourceTree = "<group>"; };
		225E159020C67A5800ADE169 /* Info.plist */ = {isa = PBXFileReference; lastKnownFileType = text.plist.xml; path = Info.plist; sourceTree = "<group>"; };
		225E159520C67A5800ADE169 /* pdfExptUITests.xctest */ = {isa = PBXFileReference; explicitFileType = wrapper.cfbundle; includeInIndex = 0; path = pdfExptUITests.xctest; sourceTree = BUILT_PRODUCTS_DIR; };
		225E159920C67A5800ADE169 /* pdfExptUITests.swift */ = {isa = PBXFileReference; lastKnownFileType = sourcecode.swift; path = pdfExptUITests.swift; sourceTree = "<group>"; };
		225E159B20C67A5800ADE169 /* Info.plist */ = {isa = PBXFileReference; lastKnownFileType = text.plist.xml; path = Info.plist; sourceTree = "<group>"; };
		22712FAA20C6BFAE00B58CF7 /* DocumentBrowserViewController.swift */ = {isa = PBXFileReference; fileEncoding = 4; lastKnownFileType = sourcecode.swift; path = DocumentBrowserViewController.swift; sourceTree = "<group>"; };
		22712FAE20C6BFBF00B58CF7 /* Document.swift */ = {isa = PBXFileReference; fileEncoding = 4; lastKnownFileType = sourcecode.swift; path = Document.swift; sourceTree = "<group>"; };
/* End PBXFileReference section */

/* Begin PBXFrameworksBuildPhase section */
		225E157020C67A5700ADE169 /* Frameworks */ = {
			isa = PBXFrameworksBuildPhase;
			buildActionMask = 2147483647;
			files = (
			);
			runOnlyForDeploymentPostprocessing = 0;
		};
		225E158720C67A5800ADE169 /* Frameworks */ = {
			isa = PBXFrameworksBuildPhase;
			buildActionMask = 2147483647;
			files = (
			);
			runOnlyForDeploymentPostprocessing = 0;
		};
		225E159220C67A5800ADE169 /* Frameworks */ = {
			isa = PBXFrameworksBuildPhase;
			buildActionMask = 2147483647;
			files = (
			);
			runOnlyForDeploymentPostprocessing = 0;
		};
/* End PBXFrameworksBuildPhase section */

/* Begin PBXGroup section */
		225E156A20C67A5700ADE169 = {
			isa = PBXGroup;
			children = (
				225E157520C67A5700ADE169 /* pdfExpt */,
				225E158D20C67A5800ADE169 /* pdfExptTests */,
				225E159820C67A5800ADE169 /* pdfExptUITests */,
				225E157420C67A5700ADE169 /* Products */,
			);
			sourceTree = "<group>";
		};
		225E157420C67A5700ADE169 /* Products */ = {
			isa = PBXGroup;
			children = (
				225E157320C67A5700ADE169 /* pdfExpt.app */,
				225E158A20C67A5800ADE169 /* pdfExptTests.xctest */,
				225E159520C67A5800ADE169 /* pdfExptUITests.xctest */,
			);
			name = Products;
			sourceTree = "<group>";
		};
		225E157520C67A5700ADE169 /* pdfExpt */ = {
			isa = PBXGroup;
			children = (
				225E157620C67A5700ADE169 /* AppDelegate.swift */,
				22712FAA20C6BFAE00B58CF7 /* DocumentBrowserViewController.swift */,
				22712FAE20C6BFBF00B58CF7 /* Document.swift */,
				225E157820C67A5700ADE169 /* PDFViewController.swift */,
				225E157A20C67A5700ADE169 /* Main.storyboard */,
				225E158020C67A5800ADE169 /* Assets.xcassets */,
				225E158220C67A5800ADE169 /* LaunchScreen.storyboard */,
				225E158520C67A5800ADE169 /* Info.plist */,
				225E157D20C67A5700ADE169 /* pdfExpt.xcdatamodeld */,
			);
			path = pdfExpt;
			sourceTree = "<group>";
		};
		225E158D20C67A5800ADE169 /* pdfExptTests */ = {
			isa = PBXGroup;
			children = (
				225E158E20C67A5800ADE169 /* pdfExptTests.swift */,
				225E159020C67A5800ADE169 /* Info.plist */,
			);
			path = pdfExptTests;
			sourceTree = "<group>";
		};
		225E159820C67A5800ADE169 /* pdfExptUITests */ = {
			isa = PBXGroup;
			children = (
				225E159920C67A5800ADE169 /* pdfExptUITests.swift */,
				225E159B20C67A5800ADE169 /* Info.plist */,
			);
			path = pdfExptUITests;
			sourceTree = "<group>";
		};
/* End PBXGroup section */

/* Begin PBXNativeTarget section */
		225E157220C67A5700ADE169 /* pdfExpt */ = {
			isa = PBXNativeTarget;
			buildConfigurationList = 225E159E20C67A5800ADE169 /* Build configuration list for PBXNativeTarget "pdfExpt" */;
			buildPhases = (
				225E156F20C67A5700ADE169 /* Sources */,
				225E157020C67A5700ADE169 /* Frameworks */,
				225E157120C67A5700ADE169 /* Resources */,
			);
			buildRules = (
			);
			dependencies = (
			);
			name = pdfExpt;
			productName = pdfExpt;
			productReference = 225E157320C67A5700ADE169 /* pdfExpt.app */;
			productType = "com.apple.product-type.application";
		};
		225E158920C67A5800ADE169 /* pdfExptTests */ = {
			isa = PBXNativeTarget;
			buildConfigurationList = 225E15A120C67A5800ADE169 /* Build configuration list for PBXNativeTarget "pdfExptTests" */;
			buildPhases = (
				225E158620C67A5800ADE169 /* Sources */,
				225E158720C67A5800ADE169 /* Frameworks */,
				225E158820C67A5800ADE169 /* Resources */,
			);
			buildRules = (
			);
			dependencies = (
				225E158C20C67A5800ADE169 /* PBXTargetDependency */,
			);
			name = pdfExptTests;
			productName = pdfExptTests;
			productReference = 225E158A20C67A5800ADE169 /* pdfExptTests.xctest */;
			productType = "com.apple.product-type.bundle.unit-test";
		};
		225E159420C67A5800ADE169 /* pdfExptUITests */ = {
			isa = PBXNativeTarget;
			buildConfigurationList = 225E15A420C67A5800ADE169 /* Build configuration list for PBXNativeTarget "pdfExptUITests" */;
			buildPhases = (
				225E159120C67A5800ADE169 /* Sources */,
				225E159220C67A5800ADE169 /* Frameworks */,
				225E159320C67A5800ADE169 /* Resources */,
			);
			buildRules = (
			);
			dependencies = (
				225E159720C67A5800ADE169 /* PBXTargetDependency */,
			);
			name = pdfExptUITests;
			productName = pdfExptUITests;
			productReference = 225E159520C67A5800ADE169 /* pdfExptUITests.xctest */;
			productType = "com.apple.product-type.bundle.ui-testing";
		};
/* End PBXNativeTarget section */

/* Begin PBXProject section */
		225E156B20C67A5700ADE169 /* Project object */ = {
			isa = PBXProject;
			attributes = {
				LastSwiftUpdateCheck = 0940;
				LastUpgradeCheck = 0940;
				ORGANIZATIONNAME = "jiachun tao";
				TargetAttributes = {
					225E157220C67A5700ADE169 = {
						CreatedOnToolsVersion = 9.4;
					};
					225E158920C67A5800ADE169 = {
						CreatedOnToolsVersion = 9.4;
						TestTargetID = 225E157220C67A5700ADE169;
					};
					225E159420C67A5800ADE169 = {
						CreatedOnToolsVersion = 9.4;
						TestTargetID = 225E157220C67A5700ADE169;
					};
				};
			};
			buildConfigurationList = 225E156E20C67A5700ADE169 /* Build configuration list for PBXProject "pdfExpt" */;
			compatibilityVersion = "Xcode 9.3";
			developmentRegion = en;
			hasScannedForEncodings = 0;
			knownRegions = (
				en,
				Base,
			);
			mainGroup = 225E156A20C67A5700ADE169;
			productRefGroup = 225E157420C67A5700ADE169 /* Products */;
			projectDirPath = "";
			projectRoot = "";
			targets = (
				225E157220C67A5700ADE169 /* pdfExpt */,
				225E158920C67A5800ADE169 /* pdfExptTests */,
				225E159420C67A5800ADE169 /* pdfExptUITests */,
			);
		};
/* End PBXProject section */

/* Begin PBXResourcesBuildPhase section */
		225E157120C67A5700ADE169 /* Resources */ = {
			isa = PBXResourcesBuildPhase;
			buildActionMask = 2147483647;
			files = (
				225E158420C67A5800ADE169 /* LaunchScreen.storyboard in Resources */,
				225E158120C67A5800ADE169 /* Assets.xcassets in Resources */,
				225E157C20C67A5700ADE169 /* Main.storyboard in Resources */,
			);
			runOnlyForDeploymentPostprocessing = 0;
		};
		225E158820C67A5800ADE169 /* Resources */ = {
			isa = PBXResourcesBuildPhase;
			buildActionMask = 2147483647;
			files = (
			);
			runOnlyForDeploymentPostprocessing = 0;
		};
		225E159320C67A5800ADE169 /* Resources */ = {
			isa = PBXResourcesBuildPhase;
			buildActionMask = 2147483647;
			files = (
			);
			runOnlyForDeploymentPostprocessing = 0;
		};
/* End PBXResourcesBuildPhase section */

/* Begin PBXSourcesBuildPhase section */
		225E156F20C67A5700ADE169 /* Sources */ = {
			isa = PBXSourcesBuildPhase;
			buildActionMask = 2147483647;
			files = (
				22712FAB20C6BFAE00B58CF7 /* DocumentBrowserViewController.swift in Sources */,
				22712FAF20C6BFBF00B58CF7 /* Document.swift in Sources */,
				225E157F20C67A5700ADE169 /* pdfExpt.xcdatamodeld in Sources */,
				225E157920C67A5700ADE169 /* PDFViewController.swift in Sources */,
				225E157720C67A5700ADE169 /* AppDelegate.swift in Sources */,
			);
			runOnlyForDeploymentPostprocessing = 0;
		};
		225E158620C67A5800ADE169 /* Sources */ = {
			isa = PBXSourcesBuildPhase;
			buildActionMask = 2147483647;
			files = (
				225E158F20C67A5800ADE169 /* pdfExptTests.swift in Sources */,
			);
			runOnlyForDeploymentPostprocessing = 0;
		};
		225E159120C67A5800ADE169 /* Sources */ = {
			isa = PBXSourcesBuildPhase;
			buildActionMask = 2147483647;
			files = (
				225E159A20C67A5800ADE169 /* pdfExptUITests.swift in Sources */,
			);
			runOnlyForDeploymentPostprocessing = 0;
		};
/* End PBXSourcesBuildPhase section */

/* Begin PBXTargetDependency section */
		225E158C20C67A5800ADE169 /* PBXTargetDependency */ = {
			isa = PBXTargetDependency;
			target = 225E157220C67A5700ADE169 /* pdfExpt */;
			targetProxy = 225E158B20C67A5800ADE169 /* PBXContainerItemProxy */;
		};
		225E159720C67A5800ADE169 /* PBXTargetDependency */ = {
			isa = PBXTargetDependency;
			target = 225E157220C67A5700ADE169 /* pdfExpt */;
			targetProxy = 225E159620C67A5800ADE169 /* PBXContainerItemProxy */;
		};
/* End PBXTargetDependency section */

/* Begin PBXVariantGroup section */
		225E157A20C67A5700ADE169 /* Main.storyboard */ = {
			isa = PBXVariantGroup;
			children = (
				225E157B20C67A5700ADE169 /* Base */,
			);
			name = Main.storyboard;
			sourceTree = "<group>";
		};
		225E158220C67A5800ADE169 /* LaunchScreen.storyboard */ = {
			isa = PBXVariantGroup;
			children = (
				225E158320C67A5800ADE169 /* Base */,
			);
			name = LaunchScreen.storyboard;
			sourceTree = "<group>";
		};
/* End PBXVariantGroup section */

/* Begin XCBuildConfiguration section */
		225E159C20C67A5800ADE169 /* Debug */ = {
			isa = XCBuildConfiguration;
			buildSettings = {
				ALWAYS_SEARCH_USER_PATHS = NO;
				CLANG_ANALYZER_NONNULL = YES;
				CLANG_ANALYZER_NUMBER_OBJECT_CONVERSION = YES_AGGRESSIVE;
				CLANG_CXX_LANGUAGE_STANDARD = "gnu++14";
				CLANG_CXX_LIBRARY = "libc++";
				CLANG_ENABLE_MODULES = YES;
				CLANG_ENABLE_OBJC_ARC = YES;
				CLANG_ENABLE_OBJC_WEAK = YES;
				CLANG_WARN_BLOCK_CAPTURE_AUTORELEASING = YES;
				CLANG_WARN_BOOL_CONVERSION = YES;
				CLANG_WARN_COMMA = YES;
				CLANG_WARN_CONSTANT_CONVERSION = YES;
				CLANG_WARN_DEPRECATED_OBJC_IMPLEMENTATIONS = YES;
				CLANG_WARN_DIRECT_OBJC_ISA_USAGE = YES_ERROR;
				CLANG_WARN_DOCUMENTATION_COMMENTS = YES;
				CLANG_WARN_EMPTY_BODY = YES;
				CLANG_WARN_ENUM_CONVERSION = YES;
				CLANG_WARN_INFINITE_RECURSION = YES;
				CLANG_WARN_INT_CONVERSION = YES;
				CLANG_WARN_NON_LITERAL_NULL_CONVERSION = YES;
				CLANG_WARN_OBJC_IMPLICIT_RETAIN_SELF = YES;
				CLANG_WARN_OBJC_LITERAL_CONVERSION = YES;
				CLANG_WARN_OBJC_ROOT_CLASS = YES_ERROR;
				CLANG_WARN_RANGE_LOOP_ANALYSIS = YES;
				CLANG_WARN_STRICT_PROTOTYPES = YES;
				CLANG_WARN_SUSPICIOUS_MOVE = YES;
				CLANG_WARN_UNGUARDED_AVAILABILITY = YES_AGGRESSIVE;
				CLANG_WARN_UNREACHABLE_CODE = YES;
				CLANG_WARN__DUPLICATE_METHOD_MATCH = YES;
				CODE_SIGN_IDENTITY = "iPhone Developer";
				COPY_PHASE_STRIP = NO;
				DEBUG_INFORMATION_FORMAT = dwarf;
				ENABLE_STRICT_OBJC_MSGSEND = YES;
				ENABLE_TESTABILITY = YES;
				GCC_C_LANGUAGE_STANDARD = gnu11;
				GCC_DYNAMIC_NO_PIC = NO;
				GCC_NO_COMMON_BLOCKS = YES;
				GCC_OPTIMIZATION_LEVEL = 0;
				GCC_PREPROCESSOR_DEFINITIONS = (
					"DEBUG=1",
					"$(inherited)",
				);
				GCC_WARN_64_TO_32_BIT_CONVERSION = YES;
				GCC_WARN_ABOUT_RETURN_TYPE = YES_ERROR;
				GCC_WARN_UNDECLARED_SELECTOR = YES;
				GCC_WARN_UNINITIALIZED_AUTOS = YES_AGGRESSIVE;
				GCC_WARN_UNUSED_FUNCTION = YES;
				GCC_WARN_UNUSED_VARIABLE = YES;
				IPHONEOS_DEPLOYMENT_TARGET = 11.4;
				MTL_ENABLE_DEBUG_INFO = YES;
				ONLY_ACTIVE_ARCH = YES;
				SDKROOT = iphoneos;
				SWIFT_ACTIVE_COMPILATION_CONDITIONS = DEBUG;
				SWIFT_OPTIMIZATION_LEVEL = "-Onone";
			};
			name = Debug;
		};
		225E159D20C67A5800ADE169 /* Release */ = {
			isa = XCBuildConfiguration;
			buildSettings = {
				ALWAYS_SEARCH_USER_PATHS = NO;
				CLANG_ANALYZER_NONNULL = YES;
				CLANG_ANALYZER_NUMBER_OBJECT_CONVERSION = YES_AGGRESSIVE;
				CLANG_CXX_LANGUAGE_STANDARD = "gnu++14";
				CLANG_CXX_LIBRARY = "libc++";
				CLANG_ENABLE_MODULES = YES;
				CLANG_ENABLE_OBJC_ARC = YES;
				CLANG_ENABLE_OBJC_WEAK = YES;
				CLANG_WARN_BLOCK_CAPTURE_AUTORELEASING = YES;
				CLANG_WARN_BOOL_CONVERSION = YES;
				CLANG_WARN_COMMA = YES;
				CLANG_WARN_CONSTANT_CONVERSION = YES;
				CLANG_WARN_DEPRECATED_OBJC_IMPLEMENTATIONS = YES;
				CLANG_WARN_DIRECT_OBJC_ISA_USAGE = YES_ERROR;
				CLANG_WARN_DOCUMENTATION_COMMENTS = YES;
				CLANG_WARN_EMPTY_BODY = YES;
				CLANG_WARN_ENUM_CONVERSION = YES;
				CLANG_WARN_INFINITE_RECURSION = YES;
				CLANG_WARN_INT_CONVERSION = YES;
				CLANG_WARN_NON_LITERAL_NULL_CONVERSION = YES;
				CLANG_WARN_OBJC_IMPLICIT_RETAIN_SELF = YES;
				CLANG_WARN_OBJC_LITERAL_CONVERSION = YES;
				CLANG_WARN_OBJC_ROOT_CLASS = YES_ERROR;
				CLANG_WARN_RANGE_LOOP_ANALYSIS = YES;
				CLANG_WARN_STRICT_PROTOTYPES = YES;
				CLANG_WARN_SUSPICIOUS_MOVE = YES;
				CLANG_WARN_UNGUARDED_AVAILABILITY = YES_AGGRESSIVE;
				CLANG_WARN_UNREACHABLE_CODE = YES;
				CLANG_WARN__DUPLICATE_METHOD_MATCH = YES;
				CODE_SIGN_IDENTITY = "iPhone Developer";
				COPY_PHASE_STRIP = NO;
				DEBUG_INFORMATION_FORMAT = "dwarf-with-dsym";
				ENABLE_NS_ASSERTIONS = NO;
				ENABLE_STRICT_OBJC_MSGSEND = YES;
				GCC_C_LANGUAGE_STANDARD = gnu11;
				GCC_NO_COMMON_BLOCKS = YES;
				GCC_WARN_64_TO_32_BIT_CONVERSION = YES;
				GCC_WARN_ABOUT_RETURN_TYPE = YES_ERROR;
				GCC_WARN_UNDECLARED_SELECTOR = YES;
				GCC_WARN_UNINITIALIZED_AUTOS = YES_AGGRESSIVE;
				GCC_WARN_UNUSED_FUNCTION = YES;
				GCC_WARN_UNUSED_VARIABLE = YES;
				IPHONEOS_DEPLOYMENT_TARGET = 11.4;
				MTL_ENABLE_DEBUG_INFO = NO;
				SDKROOT = iphoneos;
				SWIFT_COMPILATION_MODE = wholemodule;
				SWIFT_OPTIMIZATION_LEVEL = "-O";
				VALIDATE_PRODUCT = YES;
			};
			name = Release;
		};
		225E159F20C67A5800ADE169 /* Debug */ = {
			isa = XCBuildConfiguration;
			buildSettings = {
				ASSETCATALOG_COMPILER_APPICON_NAME = AppIcon;
				CODE_SIGN_STYLE = Automatic;
				DEVELOPMENT_TEAM = JB39QL5NV5;
				INFOPLIST_FILE = pdfExpt/Info.plist;
				LD_RUNPATH_SEARCH_PATHS = (
					"$(inherited)",
					"@executable_path/Frameworks",
				);
				PRODUCT_BUNDLE_IDENTIFIER = com.Cronoworks.pdfExpt;
				PRODUCT_NAME = "$(TARGET_NAME)";
				SWIFT_VERSION = 4.0;
				TARGETED_DEVICE_FAMILY = "1,2";
			};
			name = Debug;
		};
		225E15A020C67A5800ADE169 /* Release */ = {
			isa = XCBuildConfiguration;
			buildSettings = {
				ASSETCATALOG_COMPILER_APPICON_NAME = AppIcon;
				CODE_SIGN_STYLE = Automatic;
				DEVELOPMENT_TEAM = JB39QL5NV5;
				INFOPLIST_FILE = pdfExpt/Info.plist;
				LD_RUNPATH_SEARCH_PATHS = (
					"$(inherited)",
					"@executable_path/Frameworks",
				);
				PRODUCT_BUNDLE_IDENTIFIER = com.Cronoworks.pdfExpt;
				PRODUCT_NAME = "$(TARGET_NAME)";
				SWIFT_VERSION = 4.0;
				TARGETED_DEVICE_FAMILY = "1,2";
			};
			name = Release;
		};
		225E15A220C67A5800ADE169 /* Debug */ = {
			isa = XCBuildConfiguration;
			buildSettings = {
				ALWAYS_EMBED_SWIFT_STANDARD_LIBRARIES = YES;
				BUNDLE_LOADER = "$(TEST_HOST)";
				CODE_SIGN_STYLE = Automatic;
				DEVELOPMENT_TEAM = JB39QL5NV5;
				INFOPLIST_FILE = pdfExptTests/Info.plist;
				LD_RUNPATH_SEARCH_PATHS = (
					"$(inherited)",
					"@executable_path/Frameworks",
					"@loader_path/Frameworks",
				);
				PRODUCT_BUNDLE_IDENTIFIER = com.Cronoworks.pdfExptTests;
				PRODUCT_NAME = "$(TARGET_NAME)";
				SWIFT_VERSION = 4.0;
				TARGETED_DEVICE_FAMILY = "1,2";
				TEST_HOST = "$(BUILT_PRODUCTS_DIR)/pdfExpt.app/pdfExpt";
			};
			name = Debug;
		};
		225E15A320C67A5800ADE169 /* Release */ = {
			isa = XCBuildConfiguration;
			buildSettings = {
				ALWAYS_EMBED_SWIFT_STANDARD_LIBRARIES = YES;
				BUNDLE_LOADER = "$(TEST_HOST)";
				CODE_SIGN_STYLE = Automatic;
				DEVELOPMENT_TEAM = JB39QL5NV5;
				INFOPLIST_FILE = pdfExptTests/Info.plist;
				LD_RUNPATH_SEARCH_PATHS = (
					"$(inherited)",
					"@executable_path/Frameworks",
					"@loader_path/Frameworks",
				);
				PRODUCT_BUNDLE_IDENTIFIER = com.Cronoworks.pdfExptTests;
				PRODUCT_NAME = "$(TARGET_NAME)";
				SWIFT_VERSION = 4.0;
				TARGETED_DEVICE_FAMILY = "1,2";
				TEST_HOST = "$(BUILT_PRODUCTS_DIR)/pdfExpt.app/pdfExpt";
			};
			name = Release;
		};
		225E15A520C67A5800ADE169 /* Debug */ = {
			isa = XCBuildConfiguration;
			buildSettings = {
				ALWAYS_EMBED_SWIFT_STANDARD_LIBRARIES = YES;
				CODE_SIGN_STYLE = Automatic;
				DEVELOPMENT_TEAM = JB39QL5NV5;
				INFOPLIST_FILE = pdfExptUITests/Info.plist;
				LD_RUNPATH_SEARCH_PATHS = (
					"$(inherited)",
					"@executable_path/Frameworks",
					"@loader_path/Frameworks",
				);
				PRODUCT_BUNDLE_IDENTIFIER = com.Cronoworks.pdfExptUITests;
				PRODUCT_NAME = "$(TARGET_NAME)";
				SWIFT_VERSION = 4.0;
				TARGETED_DEVICE_FAMILY = "1,2";
				TEST_TARGET_NAME = pdfExpt;
			};
			name = Debug;
		};
		225E15A620C67A5800ADE169 /* Release */ = {
			isa = XCBuildConfiguration;
			buildSettings = {
				ALWAYS_EMBED_SWIFT_STANDARD_LIBRARIES = YES;
				CODE_SIGN_STYLE = Automatic;
				DEVELOPMENT_TEAM = JB39QL5NV5;
				INFOPLIST_FILE = pdfExptUITests/Info.plist;
				LD_RUNPATH_SEARCH_PATHS = (
					"$(inherited)",
					"@executable_path/Frameworks",
					"@loader_path/Frameworks",
				);
				PRODUCT_BUNDLE_IDENTIFIER = com.Cronoworks.pdfExptUITests;
				PRODUCT_NAME = "$(TARGET_NAME)";
				SWIFT_VERSION = 4.0;
				TARGETED_DEVICE_FAMILY = "1,2";
				TEST_TARGET_NAME = pdfExpt;
			};
			name = Release;
		};
/* End XCBuildConfiguration section */

/* Begin XCConfigurationList section */
		225E156E20C67A5700ADE169 /* Build configuration list for PBXProject "pdfExpt" */ = {
			isa = XCConfigurationList;
			buildConfigurations = (
				225E159C20C67A5800ADE169 /* Debug */,
				225E159D20C67A5800ADE169 /* Release */,
			);
			defaultConfigurationIsVisible = 0;
			defaultConfigurationName = Release;
		};
		225E159E20C67A5800ADE169 /* Build configuration list for PBXNativeTarget "pdfExpt" */ = {
			isa = XCConfigurationList;
			buildConfigurations = (
				225E159F20C67A5800ADE169 /* Debug */,
				225E15A020C67A5800ADE169 /* Release */,
			);
			defaultConfigurationIsVisible = 0;
			defaultConfigurationName = Release;
		};
		225E15A120C67A5800ADE169 /* Build configuration list for PBXNativeTarget "pdfExptTests" */ = {
			isa = XCConfigurationList;
			buildConfigurations = (
				225E15A220C67A5800ADE169 /* Debug */,
				225E15A320C67A5800ADE169 /* Release */,
			);
			defaultConfigurationIsVisible = 0;
			defaultConfigurationName = Release;
		};
		225E15A420C67A5800ADE169 /* Build configuration list for PBXNativeTarget "pdfExptUITests" */ = {
			isa = XCConfigurationList;
			buildConfigurations = (
				225E15A520C67A5800ADE169 /* Debug */,
				225E15A620C67A5800ADE169 /* Release */,
			);
			defaultConfigurationIsVisible = 0;
			defaultConfigurationName = Release;
		};
/* End XCConfigurationList section */

/* Begin XCVersionGroup section */
		225E157D20C67A5700ADE169 /* pdfExpt.xcdatamodeld */ = {
			isa = XCVersionGroup;
			children = (
				225E157E20C67A5700ADE169 /* pdfExpt.xcdatamodel */,
			);
			currentVersion = 225E157E20C67A5700ADE169 /* pdfExpt.xcdatamodel */;
			path = pdfExpt.xcdatamodeld;
			sourceTree = "<group>";
			versionGroupType = wrapper.xcdatamodel;
		};
/* End XCVersionGroup section */
	};
	rootObject = 225E156B20C67A5700ADE169 /* Project object */;
}
